{
  "name": "Sears",
  "lockfileVersion": 2,
  "requires": true,
  "packages": {
    "": {
      "dependencies": {
        "mixpanel-browser": "^2.52.0",
        "react-ga4": "^2.1.0"
      }
    },
    "node_modules/@rrweb/types": {
      "version": "2.0.0-alpha.14",
      "resolved": "https://registry.npmjs.org/@rrweb/types/-/types-2.0.0-alpha.14.tgz",
      "integrity": "sha512-H0qKW75SdsZM4/4116fQDDC3QkUxbP7A9AY5PK2nyUV56KReAQ1sH8ZHu9tomvn0kFJUXhtvjv2H6G6xxSJNqA==",
      "dependencies": {
        "rrweb-snapshot": "^2.0.0-alpha.14"
      }
    },
    "node_modules/@types/css-font-loading-module": {
      "version": "0.0.7",
      "resolved": "https://registry.npmjs.org/@types/css-font-loading-module/-/css-font-loading-module-0.0.7.tgz",
      "integrity": "sha512-nl09VhutdjINdWyXxHWN/w9zlNCfr60JUqJbd24YXUuCwgeL0TpFSdElCwb6cxfB6ybE19Gjj4g0jsgkXxKv1Q=="
    },
    "node_modules/@xstate/fsm": {
      "version": "1.6.5",
      "resolved": "https://registry.npmjs.org/@xstate/fsm/-/fsm-1.6.5.tgz",
      "integrity": "sha512-b5o1I6aLNeYlU/3CPlj/Z91ybk1gUsKT+5NAJI+2W4UjvS5KLG28K9v5UvNoFVjHV8PajVZ00RH3vnjyQO7ZAw=="
    },
    "node_modules/base64-arraybuffer": {
      "version": "1.0.2",
      "resolved": "https://registry.npmjs.org/base64-arraybuffer/-/base64-arraybuffer-1.0.2.tgz",
      "integrity": "sha512-I3yl4r9QB5ZRY3XuJVEPfc2XhZO6YweFPI+UovAzn+8/hb3oJ6lnysaFcjVpkCPfVWFUDvoZ8kmVDP7WyRtYtQ==",
      "engines": {
        "node": ">= 0.6.0"
      }
    },
    "node_modules/fflate": {
      "version": "0.4.8",
      "resolved": "https://registry.npmjs.org/fflate/-/fflate-0.4.8.tgz",
      "integrity": "sha512-FJqqoDBR00Mdj9ppamLa/Y7vxm+PRmNWA67N846RvsoYVMKB4q3y/de5PA7gUmRMYK/8CMz2GDZQmCRN1wBcWA=="
    },
    "node_modules/mitt": {
      "version": "3.0.1",
      "resolved": "https://registry.npmjs.org/mitt/-/mitt-3.0.1.tgz",
      "integrity": "sha512-vKivATfr97l2/QBCYAkXYDbrIWPM2IIKEl7YPhjCvKlG3kE2gm+uBo6nEXK3M5/Ffh/FLpKExzOQ3JJoJGFKBw=="
    },
    "node_modules/mixpanel-browser": {
      "version": "2.52.0",
      "resolved": "https://registry.npmjs.org/mixpanel-browser/-/mixpanel-browser-2.52.0.tgz",
      "integrity": "sha512-aWrL477cOqcmgEakZUsw9ZEyrsdekGVbvHQZGFycgBtueG40DzenMD9Drhx7T/PR4agFkU/TEBPmRKoSKqkyEw==",
      "dependencies": {
        "rrweb": "2.0.0-alpha.13"
      }
    },
    "node_modules/react-ga4": {
      "version": "2.1.0",
      "resolved": "https://registry.npmjs.org/react-ga4/-/react-ga4-2.1.0.tgz",
      "integrity": "sha512-ZKS7PGNFqqMd3PJ6+C2Jtz/o1iU9ggiy8Y8nUeksgVuvNISbmrQtJiZNvC/TjDsqD0QlU5Wkgs7i+w9+OjHhhQ=="
    },
    "node_modules/rrdom": {
      "version": "2.0.0-alpha.14",
      "resolved": "https://registry.npmjs.org/rrdom/-/rrdom-2.0.0-alpha.14.tgz",
      "integrity": "sha512-aEDi8MNfKWRnWHM1Mhfx535EtHHYHg6L17PC3rvMUJMgHLcyMQsmI+OMeWt5RzXw1J2fdwhMV0grpp5VDTqRaA==",
      "dependencies": {
        "rrweb-snapshot": "^2.0.0-alpha.14"
      }
    },
    "node_modules/rrweb": {
      "version": "2.0.0-alpha.13",
      "resolved": "https://registry.npmjs.org/rrweb/-/rrweb-2.0.0-alpha.13.tgz",
      "integrity": "sha512-a8GXOCnzWHNaVZPa7hsrLZtNZ3CGjiL+YrkpLo0TfmxGLhjNZbWY2r7pE06p+FcjFNlgUVTmFrSJbK3kO7yxvw==",
      "dependencies": {
        "@rrweb/types": "^2.0.0-alpha.13",
        "@types/css-font-loading-module": "0.0.7",
        "@xstate/fsm": "^1.4.0",
        "base64-arraybuffer": "^1.0.1",
        "fflate": "^0.4.4",
        "mitt": "^3.0.0",
        "rrdom": "^2.0.0-alpha.13",
        "rrweb-snapshot": "^2.0.0-alpha.13"
      }
    },
    "node_modules/rrweb-snapshot": {
      "version": "2.0.0-alpha.14",
      "resolved": "https://registry.npmjs.org/rrweb-snapshot/-/rrweb-snapshot-2.0.0-alpha.14.tgz",
      "integrity": "sha512-HuJd7iZauzhf7XI5FFtCGeUXkHk1mgc8yvH9Km9zB09Yk2cr0bW4eKx9fWQhRFiry9yXf/vOMkUy403xTLPIrQ=="
    }
  },
  "dependencies": {
    "@rrweb/types": {
      "version": "2.0.0-alpha.14",
      "resolved": "https://registry.npmjs.org/@rrweb/types/-/types-2.0.0-alpha.14.tgz",
      "integrity": "sha512-H0qKW75SdsZM4/4116fQDDC3QkUxbP7A9AY5PK2nyUV56KReAQ1sH8ZHu9tomvn0kFJUXhtvjv2H6G6xxSJNqA==",
      "requires": {
        "rrweb-snapshot": "^2.0.0-alpha.14"
      }
    },
    "@types/css-font-loading-module": {
      "version": "0.0.7",
      "resolved": "https://registry.npmjs.org/@types/css-font-loading-module/-/css-font-loading-module-0.0.7.tgz",
      "integrity": "sha512-nl09VhutdjINdWyXxHWN/w9zlNCfr60JUqJbd24YXUuCwgeL0TpFSdElCwb6cxfB6ybE19Gjj4g0jsgkXxKv1Q=="
    },
    "@xstate/fsm": {
      "version": "1.6.5",
      "resolved": "https://registry.npmjs.org/@xstate/fsm/-/fsm-1.6.5.tgz",
      "integrity": "sha512-b5o1I6aLNeYlU/3CPlj/Z91ybk1gUsKT+5NAJI+2W4UjvS5KLG28K9v5UvNoFVjHV8PajVZ00RH3vnjyQO7ZAw=="
    },
    "base64-arraybuffer": {
      "version": "1.0.2",
      "resolved": "https://registry.npmjs.org/base64-arraybuffer/-/base64-arraybuffer-1.0.2.tgz",
      "integrity": "sha512-I3yl4r9QB5ZRY3XuJVEPfc2XhZO6YweFPI+UovAzn+8/hb3oJ6lnysaFcjVpkCPfVWFUDvoZ8kmVDP7WyRtYtQ=="
    },
    "fflate": {
      "version": "0.4.8",
      "resolved": "https://registry.npmjs.org/fflate/-/fflate-0.4.8.tgz",
      "integrity": "sha512-FJqqoDBR00Mdj9ppamLa/Y7vxm+PRmNWA67N846RvsoYVMKB4q3y/de5PA7gUmRMYK/8CMz2GDZQmCRN1wBcWA=="
    },
    "mitt": {
      "version": "3.0.1",
      "resolved": "https://registry.npmjs.org/mitt/-/mitt-3.0.1.tgz",
      "integrity": "sha512-vKivATfr97l2/QBCYAkXYDbrIWPM2IIKEl7YPhjCvKlG3kE2gm+uBo6nEXK3M5/Ffh/FLpKExzOQ3JJoJGFKBw=="
    },
    "mixpanel-browser": {
      "version": "2.52.0",
      "resolved": "https://registry.npmjs.org/mixpanel-browser/-/mixpanel-browser-2.52.0.tgz",
      "integrity": "sha512-aWrL477cOqcmgEakZUsw9ZEyrsdekGVbvHQZGFycgBtueG40DzenMD9Drhx7T/PR4agFkU/TEBPmRKoSKqkyEw==",
      "requires": {
        "rrweb": "2.0.0-alpha.13"
      }
    },
    "react-ga4": {
      "version": "2.1.0",
      "resolved": "https://registry.npmjs.org/react-ga4/-/react-ga4-2.1.0.tgz",
      "integrity": "sha512-ZKS7PGNFqqMd3PJ6+C2Jtz/o1iU9ggiy8Y8nUeksgVuvNISbmrQtJiZNvC/TjDsqD0QlU5Wkgs7i+w9+OjHhhQ=="
    },
    "rrdom": {
      "version": "2.0.0-alpha.14",
      "resolved": "https://registry.npmjs.org/rrdom/-/rrdom-2.0.0-alpha.14.tgz",
      "integrity": "sha512-aEDi8MNfKWRnWHM1Mhfx535EtHHYHg6L17PC3rvMUJMgHLcyMQsmI+OMeWt5RzXw1J2fdwhMV0grpp5VDTqRaA==",
      "requires": {
        "rrweb-snapshot": "^2.0.0-alpha.14"
      }
    },
    "rrweb": {
      "version": "2.0.0-alpha.13",
      "resolved": "https://registry.npmjs.org/rrweb/-/rrweb-2.0.0-alpha.13.tgz",
      "integrity": "sha512-a8GXOCnzWHNaVZPa7hsrLZtNZ3CGjiL+YrkpLo0TfmxGLhjNZbWY2r7pE06p+FcjFNlgUVTmFrSJbK3kO7yxvw==",
      "requires": {
        "@rrweb/types": "^2.0.0-alpha.13",
        "@types/css-font-loading-module": "0.0.7",
        "@xstate/fsm": "^1.4.0",
        "base64-arraybuffer": "^1.0.1",
        "fflate": "^0.4.4",
        "mitt": "^3.0.0",
        "rrdom": "^2.0.0-alpha.13",
        "rrweb-snapshot": "^2.0.0-alpha.13"
      }
    },
    "rrweb-snapshot": {
      "version": "2.0.0-alpha.14",
      "resolved": "https://registry.npmjs.org/rrweb-snapshot/-/rrweb-snapshot-2.0.0-alpha.14.tgz",
      "integrity": "sha512-HuJd7iZauzhf7XI5FFtCGeUXkHk1mgc8yvH9Km9zB09Yk2cr0bW4eKx9fWQhRFiry9yXf/vOMkUy403xTLPIrQ=="
    }
  }
}
